
Microsoft Visual Studio Solution File, Format Version 12.00
# Visual Studio Version 16
VisualStudioVersion = 16.0.28721.148
MinimumVisualStudioVersion = 10.0.40219.1
Project("{9A19103F-16F7-4668-BE54-9A1E7A4F7556}") = "IRCSharp", "src\IRCSharp\IRCSharp.csproj", "{81508751-77B8-4B05-BA1F-36BEBBE9CE53}"
EndProject
Project("{9A19103F-16F7-4668-BE54-9A1E7A4F7556}") = "IRCSharp.Qmmands", "src\IRCSharp.Qmmands\IRCSharp.Qmmands.csproj", "{A18B8B60-8C0A-4BA3-A176-20CE44CC6804}"
EndProject
Project("{FAE04EC0-301F-11D3-BF4B-00C04F79EFBC}") = "IRCSharp.Example", "src\IRCSharp.Example\IRCSharp.Example.csproj", "{787890CA-6395-43D5-9275-34EED22762EF}"
EndProject
Global
	GlobalSection(SolutionConfigurationPlatforms) = preSolution
		Debug|Any CPU = Debug|Any CPU
		Release|Any CPU = Release|Any CPU
	EndGlobalSection
	GlobalSection(ProjectConfigurationPlatforms) = postSolution
		{81508751-77B8-4B05-BA1F-36BEBBE9CE53}.Debug|Any CPU.ActiveCfg = Debug|Any CPU
		{81508751-77B8-4B05-BA1F-36BEBBE9CE53}.Debug|Any CPU.Build.0 = Debug|Any CPU
		{81508751-77B8-4B05-BA1F-36BEBBE9CE53}.Release|Any CPU.ActiveCfg = Release|Any CPU
		{81508751-77B8-4B05-BA1F-36BEBBE9CE53}.Release|Any CPU.Build.0 = Release|Any CPU
		{A18B8B60-8C0A-4BA3-A176-20CE44CC6804}.Debug|Any CPU.ActiveCfg = Debug|Any CPU
		{A18B8B60-8C0A-4BA3-A176-20CE44CC6804}.Debug|Any CPU.Build.0 = Debug|Any CPU
		{A18B8B60-8C0A-4BA3-A176-20CE44CC6804}.Release|Any CPU.ActiveCfg = Release|Any CPU
		{A18B8B60-8C0A-4BA3-A176-20CE44CC6804}.Release|Any CPU.Build.0 = Release|Any CPU
		{787890CA-6395-43D5-9275-34EED22762EF}.Debug|Any CPU.ActiveCfg = Debug|Any CPU
		{787890CA-6395-43D5-9275-34EED22762EF}.Debug|Any CPU.Build.0 = Debug|Any CPU
		{787890CA-6395-43D5-9275-34EED22762EF}.Release|Any CPU.ActiveCfg = Release|Any CPU
		{787890CA-6395-43D5-9275-34EED22762EF}.Release|Any CPU.Build.0 = Release|Any CPU
	EndGlobalSection
	GlobalSection(SolutionProperties) = preSolution
		HideSolutionNode = FALSE
	EndGlobalSection
	GlobalSection(ExtensibilityGlobals) = postSolution
		SolutionGuid = {20C8116E-1D3B-49B5-A071-98F856DD092C}
	EndGlobalSection
EndGlobal
